// !$*UTF8*$!
{
	archiveVersion = 1;
	classes = {
	};
	objectVersion = 56;
	objects = {

/* Begin PBXBuildFile section */
		FC5E95D42A56B6A100CECAC1 /* AppDelegate.swift in Sources */ = {isa = PBXBuildFile; fileRef = FC5E95D32A56B6A100CECAC1 /* AppDelegate.swift */; };
		FC5E95D62A56B6A100CECAC1 /* SceneDelegate.swift in Sources */ = {isa = PBXBuildFile; fileRef = FC5E95D52A56B6A100CECAC1 /* SceneDelegate.swift */; };
		FC5E95D82A56B6A100CECAC1 /* DictionaryViewController.swift in Sources */ = {isa = PBXBuildFile; fileRef = FC5E95D72A56B6A100CECAC1 /* DictionaryViewController.swift */; };
		FC5E95DB2A56B6A100CECAC1 /* Main.storyboard in Resources */ = {isa = PBXBuildFile; fileRef = FC5E95D92A56B6A100CECAC1 /* Main.storyboard */; };
		FC5E95DD2A56B6A300CECAC1 /* Assets.xcassets in Resources */ = {isa = PBXBuildFile; fileRef = FC5E95DC2A56B6A300CECAC1 /* Assets.xcassets */; };
		FC5E95E02A56B6A300CECAC1 /* LaunchScreen.storyboard in Resources */ = {isa = PBXBuildFile; fileRef = FC5E95DE2A56B6A300CECAC1 /* LaunchScreen.storyboard */; };
		FC5E95E82A56B88200CECAC1 /* TermDetailViewController.swift in Sources */ = {isa = PBXBuildFile; fileRef = FC5E95E72A56B88200CECAC1 /* TermDetailViewController.swift */; };
		FC5E95F62A56DF6100CECAC1 /* FinancialTerm.swift in Sources */ = {isa = PBXBuildFile; fileRef = FC5E95F52A56DF6100CECAC1 /* FinancialTerm.swift */; };
		FC9A1B5B2A9E0DFA0019F714 /* TermDetailViewModel.swift in Sources */ = {isa = PBXBuildFile; fileRef = FC9A1B5A2A9E0DFA0019F714 /* TermDetailViewModel.swift */; };
		FC9A1B5D2A9E0ED40019F714 /* TermDetailViewProtocol.swift in Sources */ = {isa = PBXBuildFile; fileRef = FC9A1B5C2A9E0ED40019F714 /* TermDetailViewProtocol.swift */; };
		FCB44A832A979B23000E4AF2 /* DictionaryViewModel.swift in Sources */ = {isa = PBXBuildFile; fileRef = FCB44A822A979B23000E4AF2 /* DictionaryViewModel.swift */; };
		FCC276442A98AF05005A63D8 /* FinancialDictionaryData.json in Resources */ = {isa = PBXBuildFile; fileRef = FCC276432A98AF05005A63D8 /* FinancialDictionaryData.json */; };
		FCC276482A98C0C6005A63D8 /* DictionaryViewModelProtocol.swift in Sources */ = {isa = PBXBuildFile; fileRef = FCC276472A98C0C6005A63D8 /* DictionaryViewModelProtocol.swift */; };
/* End PBXBuildFile section */

/* Begin PBXFileReference section */
		FC5E95D02A56B6A100CECAC1 /* Investopedia.app */ = {isa = PBXFileReference; explicitFileType = wrapper.application; includeInIndex = 0; path = Investopedia.app; sourceTree = BUILT_PRODUCTS_DIR; };
		FC5E95D32A56B6A100CECAC1 /* AppDelegate.swift */ = {isa = PBXFileReference; lastKnownFileType = sourcecode.swift; path = AppDelegate.swift; sourceTree = "<group>"; };
		FC5E95D52A56B6A100CECAC1 /* SceneDelegate.swift */ = {isa = PBXFileReference; lastKnownFileType = sourcecode.swift; path = SceneDelegate.swift; sourceTree = "<group>"; };
		FC5E95D72A56B6A100CECAC1 /* DictionaryViewController.swift */ = {isa = PBXFileReference; lastKnownFileType = sourcecode.swift; path = DictionaryViewController.swift; sourceTree = "<group>"; };
		FC5E95DA2A56B6A100CECAC1 /* Base */ = {isa = PBXFileReference; lastKnownFileType = file.storyboard; name = Base; path = Base.lproj/Main.storyboard; sourceTree = "<group>"; };
		FC5E95DC2A56B6A300CECAC1 /* Assets.xcassets */ = {isa = PBXFileReference; lastKnownFileType = folder.assetcatalog; path = Assets.xcassets; sourceTree = "<group>"; };
		FC5E95DF2A56B6A300CECAC1 /* Base */ = {isa = PBXFileReference; lastKnownFileType = file.storyboard; name = Base; path = Base.lproj/LaunchScreen.storyboard; sourceTree = "<group>"; };
		FC5E95E12A56B6A300CECAC1 /* Info.plist */ = {isa = PBXFileReference; lastKnownFileType = text.plist.xml; path = Info.plist; sourceTree = "<group>"; };
		FC5E95E72A56B88200CECAC1 /* TermDetailViewController.swift */ = {isa = PBXFileReference; lastKnownFileType = sourcecode.swift; path = TermDetailViewController.swift; sourceTree = "<group>"; };
		FC5E95F52A56DF6100CECAC1 /* FinancialTerm.swift */ = {isa = PBXFileReference; lastKnownFileType = sourcecode.swift; path = FinancialTerm.swift; sourceTree = "<group>"; };
		FC9A1B5A2A9E0DFA0019F714 /* TermDetailViewModel.swift */ = {isa = PBXFileReference; lastKnownFileType = sourcecode.swift; path = TermDetailViewModel.swift; sourceTree = "<group>"; };
		FC9A1B5C2A9E0ED40019F714 /* TermDetailViewProtocol.swift */ = {isa = PBXFileReference; lastKnownFileType = sourcecode.swift; path = TermDetailViewProtocol.swift; sourceTree = "<group>"; };
		FCB44A822A979B23000E4AF2 /* DictionaryViewModel.swift */ = {isa = PBXFileReference; lastKnownFileType = sourcecode.swift; path = DictionaryViewModel.swift; sourceTree = "<group>"; };
		FCC276432A98AF05005A63D8 /* FinancialDictionaryData.json */ = {isa = PBXFileReference; fileEncoding = 4; lastKnownFileType = text.json; path = FinancialDictionaryData.json; sourceTree = "<group>"; };
		FCC276472A98C0C6005A63D8 /* DictionaryViewModelProtocol.swift */ = {isa = PBXFileReference; lastKnownFileType = sourcecode.swift; path = DictionaryViewModelProtocol.swift; sourceTree = "<group>"; };
/* End PBXFileReference section */

/* Begin PBXFrameworksBuildPhase section */
		FC5E95CD2A56B6A100CECAC1 /* Frameworks */ = {
			isa = PBXFrameworksBuildPhase;
			buildActionMask = 2147483647;
			files = (
			);
			runOnlyForDeploymentPostprocessing = 0;
		};
/* End PBXFrameworksBuildPhase section */

/* Begin PBXGroup section */
		FC5E95C72A56B6A100CECAC1 = {
			isa = PBXGroup;
			children = (
				FC5E95D22A56B6A100CECAC1 /* Investopedia */,
				FC5E95D12A56B6A100CECAC1 /* Products */,
			);
			sourceTree = "<group>";
		};
		FC5E95D12A56B6A100CECAC1 /* Products */ = {
			isa = PBXGroup;
			children = (
				FC5E95D02A56B6A100CECAC1 /* Investopedia.app */,
			);
			name = Products;
			sourceTree = "<group>";
		};
		FC5E95D22A56B6A100CECAC1 /* Investopedia */ = {
			isa = PBXGroup;
			children = (
				FC5E95F22A56DCFC00CECAC1 /* Model */,
				FC5E95E92A56BF5900CECAC1 /* View */,
				FC5E95D32A56B6A100CECAC1 /* AppDelegate.swift */,
				FC5E95D52A56B6A100CECAC1 /* SceneDelegate.swift */,
				FC5E95DC2A56B6A300CECAC1 /* Assets.xcassets */,
				FC5E95DE2A56B6A300CECAC1 /* LaunchScreen.storyboard */,
				FC5E95E12A56B6A300CECAC1 /* Info.plist */,
			);
			path = Investopedia;
			sourceTree = "<group>";
		};
		FC5E95E92A56BF5900CECAC1 /* View */ = {
			isa = PBXGroup;
			children = (
				FC9A1B572A9E0DAD0019F714 /* TermView */,
				FCB44A812A979AFB000E4AF2 /* DictionaryView */,
				FC5E95D92A56B6A100CECAC1 /* Main.storyboard */,
			);
			path = View;
			sourceTree = "<group>";
		};
		FC5E95F22A56DCFC00CECAC1 /* Model */ = {
			isa = PBXGroup;
			children = (
				FC5E95F32A56DD0700CECAC1 /* Response */,
			);
			path = Model;
			sourceTree = "<group>";
		};
		FC5E95F32A56DD0700CECAC1 /* Response */ = {
			isa = PBXGroup;
			children = (
				FCC276432A98AF05005A63D8 /* FinancialDictionaryData.json */,
				FC5E95F52A56DF6100CECAC1 /* FinancialTerm.swift */,
			);
			path = Response;
			sourceTree = "<group>";
		};
		FC9A1B572A9E0DAD0019F714 /* TermView */ = {
			isa = PBXGroup;
			children = (
				FC5E95E72A56B88200CECAC1 /* TermDetailViewController.swift */,
				FC9A1B5A2A9E0DFA0019F714 /* TermDetailViewModel.swift */,
				FC9A1B5C2A9E0ED40019F714 /* TermDetailViewProtocol.swift */,
			);
			path = TermView;
			sourceTree = "<group>";
		};
		FCB44A812A979AFB000E4AF2 /* DictionaryView */ = {
			isa = PBXGroup;
			children = (
				FC5E95D72A56B6A100CECAC1 /* DictionaryViewController.swift */,
				FCB44A822A979B23000E4AF2 /* DictionaryViewModel.swift */,
				FCC276472A98C0C6005A63D8 /* DictionaryViewModelProtocol.swift */,
			);
			path = DictionaryView;
			sourceTree = "<group>";
		};
/* End PBXGroup section */

/* Begin PBXNativeTarget section */
		FC5E95CF2A56B6A100CECAC1 /* Investopedia */ = {
			isa = PBXNativeTarget;
			buildConfigurationList = FC5E95E42A56B6A300CECAC1 /* Build configuration list for PBXNativeTarget "Investopedia" */;
			buildPhases = (
				FC5E95CC2A56B6A100CECAC1 /* Sources */,
				FC5E95CD2A56B6A100CECAC1 /* Frameworks */,
				FC5E95CE2A56B6A100CECAC1 /* Resources */,
			);
			buildRules = (
			);
			dependencies = (
			);
			name = Investopedia;
			productName = Investopedia;
			productReference = FC5E95D02A56B6A100CECAC1 /* Investopedia.app */;
			productType = "com.apple.product-type.application";
		};
/* End PBXNativeTarget section */

/* Begin PBXProject section */
		FC5E95C82A56B6A100CECAC1 /* Project object */ = {
			isa = PBXProject;
			attributes = {
				BuildIndependentTargetsInParallel = 1;
				LastSwiftUpdateCheck = 1430;
				LastUpgradeCheck = 1430;
				TargetAttributes = {
					FC5E95CF2A56B6A100CECAC1 = {
						CreatedOnToolsVersion = 14.3.1;
					};
				};
			};
			buildConfigurationList = FC5E95CB2A56B6A100CECAC1 /* Build configuration list for PBXProject "Investopedia" */;
			compatibilityVersion = "Xcode 14.0";
			developmentRegion = en;
			hasScannedForEncodings = 0;
			knownRegions = (
				en,
				Base,
			);
			mainGroup = FC5E95C72A56B6A100CECAC1;
			productRefGroup = FC5E95D12A56B6A100CECAC1 /* Products */;
			projectDirPath = "";
			projectRoot = "";
			targets = (
				FC5E95CF2A56B6A100CECAC1 /* Investopedia */,
			);
		};
/* End PBXProject section */

/* Begin PBXResourcesBuildPhase section */
		FC5E95CE2A56B6A100CECAC1 /* Resources */ = {
			isa = PBXResourcesBuildPhase;
			buildActionMask = 2147483647;
			files = (
				FC5E95E02A56B6A300CECAC1 /* LaunchScreen.storyboard in Resources */,
				FCC276442A98AF05005A63D8 /* FinancialDictionaryData.json in Resources */,
				FC5E95DD2A56B6A300CECAC1 /* Assets.xcassets in Resources */,
				FC5E95DB2A56B6A100CECAC1 /* Main.storyboard in Resources */,
			);
			runOnlyForDeploymentPostprocessing = 0;
		};
/* End PBXResourcesBuildPhase section */

/* Begin PBXSourcesBuildPhase section */
		FC5E95CC2A56B6A100CECAC1 /* Sources */ = {
			isa = PBXSourcesBuildPhase;
			buildActionMask = 2147483647;
			files = (
				FC9A1B5D2A9E0ED40019F714 /* TermDetailViewProtocol.swift in Sources */,
				FCC276482A98C0C6005A63D8 /* DictionaryViewModelProtocol.swift in Sources */,
				FC5E95D82A56B6A100CECAC1 /* DictionaryViewController.swift in Sources */,
				FC5E95D42A56B6A100CECAC1 /* AppDelegate.swift in Sources */,
				FC9A1B5B2A9E0DFA0019F714 /* TermDetailViewModel.swift in Sources */,
				FC5E95E82A56B88200CECAC1 /* TermDetailViewController.swift in Sources */,
				FCB44A832A979B23000E4AF2 /* DictionaryViewModel.swift in Sources */,
				FC5E95D62A56B6A100CECAC1 /* SceneDelegate.swift in Sources */,
				FC5E95F62A56DF6100CECAC1 /* FinancialTerm.swift in Sources */,
			);
			runOnlyForDeploymentPostprocessing = 0;
		};
/* End PBXSourcesBuildPhase section */

/* Begin PBXVariantGroup section */
		FC5E95D92A56B6A100CECAC1 /* Main.storyboard */ = {
			isa = PBXVariantGroup;
			children = (
				FC5E95DA2A56B6A100CECAC1 /* Base */,
			);
			name = Main.storyboard;
			sourceTree = "<group>";
		};
		FC5E95DE2A56B6A300CECAC1 /* LaunchScreen.storyboard */ = {
			isa = PBXVariantGroup;
			children = (
				FC5E95DF2A56B6A300CECAC1 /* Base */,
			);
			name = LaunchScreen.storyboard;
			sourceTree = "<group>";
		};
/* End PBXVariantGroup section */

/* Begin XCBuildConfiguration section */
		FC5E95E22A56B6A300CECAC1 /* Debug */ = {
			isa = XCBuildConfiguration;
			buildSettings = {
				ALWAYS_SEARCH_USER_PATHS = NO;
				CLANG_ANALYZER_NONNULL = YES;
				CLANG_ANALYZER_NUMBER_OBJECT_CONVERSION = YES_AGGRESSIVE;
				CLANG_CXX_LANGUAGE_STANDARD = "gnu++20";
				CLANG_ENABLE_MODULES = YES;
				CLANG_ENABLE_OBJC_ARC = YES;
				CLANG_ENABLE_OBJC_WEAK = YES;
				CLANG_WARN_BLOCK_CAPTURE_AUTORELEASING = YES;
				CLANG_WARN_BOOL_CONVERSION = YES;
				CLANG_WARN_COMMA = YES;
				CLANG_WARN_CONSTANT_CONVERSION = YES;
				CLANG_WARN_DEPRECATED_OBJC_IMPLEMENTATIONS = YES;
				CLANG_WARN_DIRECT_OBJC_ISA_USAGE = YES_ERROR;
				CLANG_WARN_DOCUMENTATION_COMMENTS = YES;
				CLANG_WARN_EMPTY_BODY = YES;
				CLANG_WARN_ENUM_CONVERSION = YES;
				CLANG_WARN_INFINITE_RECURSION = YES;
				CLANG_WARN_INT_CONVERSION = YES;
				CLANG_WARN_NON_LITERAL_NULL_CONVERSION = YES;
				CLANG_WARN_OBJC_IMPLICIT_RETAIN_SELF = YES;
				CLANG_WARN_OBJC_LITERAL_CONVERSION = YES;
				CLANG_WARN_OBJC_ROOT_CLASS = YES_ERROR;
				CLANG_WARN_QUOTED_INCLUDE_IN_FRAMEWORK_HEADER = YES;
				CLANG_WARN_RANGE_LOOP_ANALYSIS = YES;
				CLANG_WARN_STRICT_PROTOTYPES = YES;
				CLANG_WARN_SUSPICIOUS_MOVE = YES;
				CLANG_WARN_UNGUARDED_AVAILABILITY = YES_AGGRESSIVE;
				CLANG_WARN_UNREACHABLE_CODE = YES;
				CLANG_WARN__DUPLICATE_METHOD_MATCH = YES;
				COPY_PHASE_STRIP = NO;
				DEBUG_INFORMATION_FORMAT = dwarf;
				ENABLE_STRICT_OBJC_MSGSEND = YES;
				ENABLE_TESTABILITY = YES;
				GCC_C_LANGUAGE_STANDARD = gnu11;
				GCC_DYNAMIC_NO_PIC = NO;
				GCC_NO_COMMON_BLOCKS = YES;
				GCC_OPTIMIZATION_LEVEL = 0;
				GCC_PREPROCESSOR_DEFINITIONS = (
					"DEBUG=1",
					"$(inherited)",
				);
				GCC_WARN_64_TO_32_BIT_CONVERSION = YES;
				GCC_WARN_ABOUT_RETURN_TYPE = YES_ERROR;
				GCC_WARN_UNDECLARED_SELECTOR = YES;
				GCC_WARN_UNINITIALIZED_AUTOS = YES_AGGRESSIVE;
				GCC_WARN_UNUSED_FUNCTION = YES;
				GCC_WARN_UNUSED_VARIABLE = YES;
				IPHONEOS_DEPLOYMENT_TARGET = 16.4;
				MTL_ENABLE_DEBUG_INFO = INCLUDE_SOURCE;
				MTL_FAST_MATH = YES;
				ONLY_ACTIVE_ARCH = YES;
				SDKROOT = iphoneos;
				SWIFT_ACTIVE_COMPILATION_CONDITIONS = DEBUG;
				SWIFT_OPTIMIZATION_LEVEL = "-Onone";
			};
			name = Debug;
		};
		FC5E95E32A56B6A300CECAC1 /* Release */ = {
			isa = XCBuildConfiguration;
			buildSettings = {
				ALWAYS_SEARCH_USER_PATHS = NO;
				CLANG_ANALYZER_NONNULL = YES;
				CLANG_ANALYZER_NUMBER_OBJECT_CONVERSION = YES_AGGRESSIVE;
				CLANG_CXX_LANGUAGE_STANDARD = "gnu++20";
				CLANG_ENABLE_MODULES = YES;
				CLANG_ENABLE_OBJC_ARC = YES;
				CLANG_ENABLE_OBJC_WEAK = YES;
				CLANG_WARN_BLOCK_CAPTURE_AUTORELEASING = YES;
				CLANG_WARN_BOOL_CONVERSION = YES;
				CLANG_WARN_COMMA = YES;
				CLANG_WARN_CONSTANT_CONVERSION = YES;
				CLANG_WARN_DEPRECATED_OBJC_IMPLEMENTATIONS = YES;
				CLANG_WARN_DIRECT_OBJC_ISA_USAGE = YES_ERROR;
				CLANG_WARN_DOCUMENTATION_COMMENTS = YES;
				CLANG_WARN_EMPTY_BODY = YES;
				CLANG_WARN_ENUM_CONVERSION = YES;
				CLANG_WARN_INFINITE_RECURSION = YES;
				CLANG_WARN_INT_CONVERSION = YES;
				CLANG_WARN_NON_LITERAL_NULL_CONVERSION = YES;
				CLANG_WARN_OBJC_IMPLICIT_RETAIN_SELF = YES;
				CLANG_WARN_OBJC_LITERAL_CONVERSION = YES;
				CLANG_WARN_OBJC_ROOT_CLASS = YES_ERROR;
				CLANG_WARN_QUOTED_INCLUDE_IN_FRAMEWORK_HEADER = YES;
				CLANG_WARN_RANGE_LOOP_ANALYSIS = YES;
				CLANG_WARN_STRICT_PROTOTYPES = YES;
				CLANG_WARN_SUSPICIOUS_MOVE = YES;
				CLANG_WARN_UNGUARDED_AVAILABILITY = YES_AGGRESSIVE;
				CLANG_WARN_UNREACHABLE_CODE = YES;
				CLANG_WARN__DUPLICATE_METHOD_MATCH = YES;
				COPY_PHASE_STRIP = NO;
				DEBUG_INFORMATION_FORMAT = "dwarf-with-dsym";
				ENABLE_NS_ASSERTIONS = NO;
				ENABLE_STRICT_OBJC_MSGSEND = YES;
				GCC_C_LANGUAGE_STANDARD = gnu11;
				GCC_NO_COMMON_BLOCKS = YES;
				GCC_WARN_64_TO_32_BIT_CONVERSION = YES;
				GCC_WARN_ABOUT_RETURN_TYPE = YES_ERROR;
				GCC_WARN_UNDECLARED_SELECTOR = YES;
				GCC_WARN_UNINITIALIZED_AUTOS = YES_AGGRESSIVE;
				GCC_WARN_UNUSED_FUNCTION = YES;
				GCC_WARN_UNUSED_VARIABLE = YES;
				IPHONEOS_DEPLOYMENT_TARGET = 16.4;
				MTL_ENABLE_DEBUG_INFO = NO;
				MTL_FAST_MATH = YES;
				SDKROOT = iphoneos;
				SWIFT_COMPILATION_MODE = wholemodule;
				SWIFT_OPTIMIZATION_LEVEL = "-O";
				VALIDATE_PRODUCT = YES;
			};
			name = Release;
		};
		FC5E95E52A56B6A300CECAC1 /* Debug */ = {
			isa = XCBuildConfiguration;
			buildSettings = {
				ASSETCATALOG_COMPILER_APPICON_NAME = AppIcon;
				ASSETCATALOG_COMPILER_GLOBAL_ACCENT_COLOR_NAME = AccentColor;
				CODE_SIGN_STYLE = Automatic;
				CURRENT_PROJECT_VERSION = 1;
				DEVELOPMENT_TEAM = 6U5TN43STZ;
				GENERATE_INFOPLIST_FILE = YES;
				INFOPLIST_FILE = Investopedia/Info.plist;
				INFOPLIST_KEY_UIApplicationSupportsIndirectInputEvents = YES;
				INFOPLIST_KEY_UILaunchStoryboardName = LaunchScreen;
				INFOPLIST_KEY_UIMainStoryboardFile = Main;
				INFOPLIST_KEY_UISupportedInterfaceOrientations_iPad = "UIInterfaceOrientationPortrait UIInterfaceOrientationPortraitUpsideDown UIInterfaceOrientationLandscapeLeft UIInterfaceOrientationLandscapeRight";
				INFOPLIST_KEY_UISupportedInterfaceOrientations_iPhone = "UIInterfaceOrientationPortrait UIInterfaceOrientationLandscapeLeft UIInterfaceOrientationLandscapeRight";
				LD_RUNPATH_SEARCH_PATHS = (
					"$(inherited)",
					"@executable_path/Frameworks",
				);
				MARKETING_VERSION = 1.0;
				PRODUCT_BUNDLE_IDENTIFIER = com.joaoponte.Investopedia;
				PRODUCT_NAME = "$(TARGET_NAME)";
				SWIFT_EMIT_LOC_STRINGS = YES;
				SWIFT_VERSION = 5.0;
				TARGETED_DEVICE_FAMILY = "1,2";
			};
			name = Debug;
		};
		FC5E95E62A56B6A300CECAC1 /* Release */ = {
			isa = XCBuildConfiguration;
			buildSettings = {
				ASSETCATALOG_COMPILER_APPICON_NAME = AppIcon;
				ASSETCATALOG_COMPILER_GLOBAL_ACCENT_COLOR_NAME = AccentColor;
				CODE_SIGN_STYLE = Automatic;
				CURRENT_PROJECT_VERSION = 1;
				DEVELOPMENT_TEAM = 6U5TN43STZ;
				GENERATE_INFOPLIST_FILE = YES;
				INFOPLIST_FILE = Investopedia/Info.plist;
				INFOPLIST_KEY_UIApplicationSupportsIndirectInputEvents = YES;
				INFOPLIST_KEY_UILaunchStoryboardName = LaunchScreen;
				INFOPLIST_KEY_UIMainStoryboardFile = Main;
				INFOPLIST_KEY_UISupportedInterfaceOrientations_iPad = "UIInterfaceOrientationPortrait UIInterfaceOrientationPortraitUpsideDown UIInterfaceOrientationLandscapeLeft UIInterfaceOrientationLandscapeRight";
				INFOPLIST_KEY_UISupportedInterfaceOrientations_iPhone = "UIInterfaceOrientationPortrait UIInterfaceOrientationLandscapeLeft UIInterfaceOrientationLandscapeRight";
				LD_RUNPATH_SEARCH_PATHS = (
					"$(inherited)",
					"@executable_path/Frameworks",
				);
				MARKETING_VERSION = 1.0;
				PRODUCT_BUNDLE_IDENTIFIER = com.joaoponte.Investopedia;
				PRODUCT_NAME = "$(TARGET_NAME)";
				SWIFT_EMIT_LOC_STRINGS = YES;
				SWIFT_VERSION = 5.0;
				TARGETED_DEVICE_FAMILY = "1,2";
			};
			name = Release;
		};
/* End XCBuildConfiguration section */

/* Begin XCConfigurationList section */
		FC5E95CB2A56B6A100CECAC1 /* Build configuration list for PBXProject "Investopedia" */ = {
			isa = XCConfigurationList;
			buildConfigurations = (
				FC5E95E22A56B6A300CECAC1 /* Debug */,
				FC5E95E32A56B6A300CECAC1 /* Release */,
			);
			defaultConfigurationIsVisible = 0;
			defaultConfigurationName = Release;
		};
		FC5E95E42A56B6A300CECAC1 /* Build configuration list for PBXNativeTarget "Investopedia" */ = {
			isa = XCConfigurationList;
			buildConfigurations = (
				FC5E95E52A56B6A300CECAC1 /* Debug */,
				FC5E95E62A56B6A300CECAC1 /* Release */,
			);
			defaultConfigurationIsVisible = 0;
			defaultConfigurationName = Release;
		};
/* End XCConfigurationList section */
	};
	rootObject = FC5E95C82A56B6A100CECAC1 /* Project object */;
}
