// !$*UTF8*$!
{
	archiveVersion = 1;
	classes = {
	};
	objectVersion = 56;
	objects = {

/* Begin PBXBuildFile section */
		FC11320E2AB864C300A306A8 /* CryptoCurrencyStatisticsViewController.swift in Sources */ = {isa = PBXBuildFile; fileRef = FC11320D2AB864C300A306A8 /* CryptoCurrencyStatisticsViewController.swift */; };
		FC1132102AB864DD00A306A8 /* CryptoCurrencyStatisticsViewModel.swift in Sources */ = {isa = PBXBuildFile; fileRef = FC11320F2AB864DD00A306A8 /* CryptoCurrencyStatisticsViewModel.swift */; };
		FC1132122AB883F600A306A8 /* CryptoCurrencyStatisticsViewModelProtocol.swift in Sources */ = {isa = PBXBuildFile; fileRef = FC1132112AB883F600A306A8 /* CryptoCurrencyStatisticsViewModelProtocol.swift */; };
		FC1132142AB89D1F00A306A8 /* CryptoCurrencyStatisticsViewControllerProtocol.swift in Sources */ = {isa = PBXBuildFile; fileRef = FC1132132AB89D1F00A306A8 /* CryptoCurrencyStatisticsViewControllerProtocol.swift */; };
		FC1132162AB8A78100A306A8 /* CryptoStatisticsCell.swift in Sources */ = {isa = PBXBuildFile; fileRef = FC1132152AB8A78100A306A8 /* CryptoStatisticsCell.swift */; };
		FC27450E2AB30200007C0FC1 /* MockNetworkUtility.swift in Sources */ = {isa = PBXBuildFile; fileRef = FC27450D2AB30200007C0FC1 /* MockNetworkUtility.swift */; };
		FC2745102AB30298007C0FC1 /* NetworkUtilityProtocol.swift in Sources */ = {isa = PBXBuildFile; fileRef = FC27450F2AB30298007C0FC1 /* NetworkUtilityProtocol.swift */; };
		FC2745152AB35B24007C0FC1 /* LaunchScreenViewController.swift in Sources */ = {isa = PBXBuildFile; fileRef = FC2745142AB35B24007C0FC1 /* LaunchScreenViewController.swift */; };
		FC2745182AB35BF1007C0FC1 /* InvestopediaOpenView.mp4 in Resources */ = {isa = PBXBuildFile; fileRef = FC2745172AB35BF1007C0FC1 /* InvestopediaOpenView.mp4 */; };
		FC27451B2AB451D8007C0FC1 /* CoreDataStack.swift in Sources */ = {isa = PBXBuildFile; fileRef = FC27451A2AB451D8007C0FC1 /* CoreDataStack.swift */; };
		FC27451E2AB45283007C0FC1 /* Database.swift in Sources */ = {isa = PBXBuildFile; fileRef = FC27451D2AB45283007C0FC1 /* Database.swift */; };
		FC2745212AB45428007C0FC1 /* Investopedia.xcdatamodeld in Sources */ = {isa = PBXBuildFile; fileRef = FC27451F2AB45428007C0FC1 /* Investopedia.xcdatamodeld */; };
		FC2745232AB45C7E007C0FC1 /* CoreDataManager.swift in Sources */ = {isa = PBXBuildFile; fileRef = FC2745222AB45C7E007C0FC1 /* CoreDataManager.swift */; };
		FC45454D2A9F8811005A7D07 /* DictionaryViewModelTests.swift in Sources */ = {isa = PBXBuildFile; fileRef = FC45454C2A9F8811005A7D07 /* DictionaryViewModelTests.swift */; };
		FC4545532A9F9E7F005A7D07 /* MockDictionaryViewModel.swift in Sources */ = {isa = PBXBuildFile; fileRef = FC4545522A9F9E7F005A7D07 /* MockDictionaryViewModel.swift */; };
		FC4545552A9FA88B005A7D07 /* DictionaryViewControllerTests.swift in Sources */ = {isa = PBXBuildFile; fileRef = FC4545542A9FA88B005A7D07 /* DictionaryViewControllerTests.swift */; };
		FC571F772AA338A200024B78 /* CryptoCurrency.swift in Sources */ = {isa = PBXBuildFile; fileRef = FC571F762AA338A200024B78 /* CryptoCurrency.swift */; };
		FC571F812AA3502E00024B78 /* NetworkError.swift in Sources */ = {isa = PBXBuildFile; fileRef = FC571F802AA3502E00024B78 /* NetworkError.swift */; };
		FC571F832AA3592000024B78 /* CoinCapAPIEndpoints.swift in Sources */ = {isa = PBXBuildFile; fileRef = FC571F822AA3592000024B78 /* CoinCapAPIEndpoints.swift */; };
		FC571F872AA35B7100024B78 /* CryptoCurrencyListViewController.swift in Sources */ = {isa = PBXBuildFile; fileRef = FC571F862AA35B7100024B78 /* CryptoCurrencyListViewController.swift */; };
		FC571F892AA35B7E00024B78 /* CryptoCurrencyListViewModel.swift in Sources */ = {isa = PBXBuildFile; fileRef = FC571F882AA35B7E00024B78 /* CryptoCurrencyListViewModel.swift */; };
		FC5E95D42A56B6A100CECAC1 /* AppDelegate.swift in Sources */ = {isa = PBXBuildFile; fileRef = FC5E95D32A56B6A100CECAC1 /* AppDelegate.swift */; };
		FC5E95D62A56B6A100CECAC1 /* SceneDelegate.swift in Sources */ = {isa = PBXBuildFile; fileRef = FC5E95D52A56B6A100CECAC1 /* SceneDelegate.swift */; };
		FC5E95D82A56B6A100CECAC1 /* DictionaryViewController.swift in Sources */ = {isa = PBXBuildFile; fileRef = FC5E95D72A56B6A100CECAC1 /* DictionaryViewController.swift */; };
		FC5E95DB2A56B6A100CECAC1 /* Main.storyboard in Resources */ = {isa = PBXBuildFile; fileRef = FC5E95D92A56B6A100CECAC1 /* Main.storyboard */; };
		FC5E95DD2A56B6A300CECAC1 /* Assets.xcassets in Resources */ = {isa = PBXBuildFile; fileRef = FC5E95DC2A56B6A300CECAC1 /* Assets.xcassets */; };
		FC5E95E02A56B6A300CECAC1 /* LaunchScreen.storyboard in Resources */ = {isa = PBXBuildFile; fileRef = FC5E95DE2A56B6A300CECAC1 /* LaunchScreen.storyboard */; };
		FC5E95E82A56B88200CECAC1 /* TermDetailViewController.swift in Sources */ = {isa = PBXBuildFile; fileRef = FC5E95E72A56B88200CECAC1 /* TermDetailViewController.swift */; };
		FC5E95F62A56DF6100CECAC1 /* FinancialTerm.swift in Sources */ = {isa = PBXBuildFile; fileRef = FC5E95F52A56DF6100CECAC1 /* FinancialTerm.swift */; };
		FC9966492AAF09BC001B6446 /* CryptoCurrencyListViewModelProtocol.swift in Sources */ = {isa = PBXBuildFile; fileRef = FC9966482AAF09BC001B6446 /* CryptoCurrencyListViewModelProtocol.swift */; };
		FC99664D2AAF1491001B6446 /* NetworkManager.swift in Sources */ = {isa = PBXBuildFile; fileRef = FC99664C2AAF1491001B6446 /* NetworkManager.swift */; };
		FC99664F2AAF2F46001B6446 /* CryptoCurrencyTableViewCell.swift in Sources */ = {isa = PBXBuildFile; fileRef = FC99664E2AAF2F46001B6446 /* CryptoCurrencyTableViewCell.swift */; };
		FC9A1B5B2A9E0DFA0019F714 /* TermDetailViewModel.swift in Sources */ = {isa = PBXBuildFile; fileRef = FC9A1B5A2A9E0DFA0019F714 /* TermDetailViewModel.swift */; };
		FC9A1B5D2A9E0ED40019F714 /* TermDetailViewProtocol.swift in Sources */ = {isa = PBXBuildFile; fileRef = FC9A1B5C2A9E0ED40019F714 /* TermDetailViewProtocol.swift */; };
		FCA918B72AA0CF5800BEC7D7 /* TermDetailViewModelTests.swift in Sources */ = {isa = PBXBuildFile; fileRef = FCA918B62AA0CF5800BEC7D7 /* TermDetailViewModelTests.swift */; };
		FCB44A832A979B23000E4AF2 /* DictionaryViewModel.swift in Sources */ = {isa = PBXBuildFile; fileRef = FCB44A822A979B23000E4AF2 /* DictionaryViewModel.swift */; };
		FCC276442A98AF05005A63D8 /* FinancialDictionaryData.json in Resources */ = {isa = PBXBuildFile; fileRef = FCC276432A98AF05005A63D8 /* FinancialDictionaryData.json */; };
		FCC276482A98C0C6005A63D8 /* DictionaryViewModelProtocol.swift in Sources */ = {isa = PBXBuildFile; fileRef = FCC276472A98C0C6005A63D8 /* DictionaryViewModelProtocol.swift */; };
		FCF529A32AB1CC1700149169 /* CryptoCurrencyListViewModelTests.swift in Sources */ = {isa = PBXBuildFile; fileRef = FCF529A22AB1CC1700149169 /* CryptoCurrencyListViewModelTests.swift */; };
		FCF529A52AB1D00A00149169 /* MockNetworkManager.swift in Sources */ = {isa = PBXBuildFile; fileRef = FCF529A42AB1D00A00149169 /* MockNetworkManager.swift */; };
		FCF529A92AB1DB3E00149169 /* CryptoCurrencyListViewControllerTests.swift in Sources */ = {isa = PBXBuildFile; fileRef = FCF529A82AB1DB3E00149169 /* CryptoCurrencyListViewControllerTests.swift */; };
		FCF529AC2AB1DBD400149169 /* MockCryptoCurrencyListViewModel.swift in Sources */ = {isa = PBXBuildFile; fileRef = FCF529AB2AB1DBD400149169 /* MockCryptoCurrencyListViewModel.swift */; };
		FCF529AF2AB1F31A00149169 /* NetworkUtility.swift in Sources */ = {isa = PBXBuildFile; fileRef = FCF529AE2AB1F31A00149169 /* NetworkUtility.swift */; };
/* End PBXBuildFile section */

/* Begin PBXContainerItemProxy section */
		FC4545452A9F82B2005A7D07 /* PBXContainerItemProxy */ = {
			isa = PBXContainerItemProxy;
			containerPortal = FC5E95C82A56B6A100CECAC1 /* Project object */;
			proxyType = 1;
			remoteGlobalIDString = FC5E95CF2A56B6A100CECAC1;
			remoteInfo = Investopedia;
		};
/* End PBXContainerItemProxy section */

/* Begin PBXFileReference section */
		FC11320D2AB864C300A306A8 /* CryptoCurrencyStatisticsViewController.swift */ = {isa = PBXFileReference; lastKnownFileType = sourcecode.swift; path = CryptoCurrencyStatisticsViewController.swift; sourceTree = "<group>"; };
		FC11320F2AB864DD00A306A8 /* CryptoCurrencyStatisticsViewModel.swift */ = {isa = PBXFileReference; lastKnownFileType = sourcecode.swift; path = CryptoCurrencyStatisticsViewModel.swift; sourceTree = "<group>"; };
		FC1132112AB883F600A306A8 /* CryptoCurrencyStatisticsViewModelProtocol.swift */ = {isa = PBXFileReference; lastKnownFileType = sourcecode.swift; path = CryptoCurrencyStatisticsViewModelProtocol.swift; sourceTree = "<group>"; };
		FC1132132AB89D1F00A306A8 /* CryptoCurrencyStatisticsViewControllerProtocol.swift */ = {isa = PBXFileReference; lastKnownFileType = sourcecode.swift; path = CryptoCurrencyStatisticsViewControllerProtocol.swift; sourceTree = "<group>"; };
		FC1132152AB8A78100A306A8 /* CryptoStatisticsCell.swift */ = {isa = PBXFileReference; lastKnownFileType = sourcecode.swift; path = CryptoStatisticsCell.swift; sourceTree = "<group>"; };
		FC27450D2AB30200007C0FC1 /* MockNetworkUtility.swift */ = {isa = PBXFileReference; lastKnownFileType = sourcecode.swift; path = MockNetworkUtility.swift; sourceTree = "<group>"; };
		FC27450F2AB30298007C0FC1 /* NetworkUtilityProtocol.swift */ = {isa = PBXFileReference; lastKnownFileType = sourcecode.swift; path = NetworkUtilityProtocol.swift; sourceTree = "<group>"; };
		FC2745142AB35B24007C0FC1 /* LaunchScreenViewController.swift */ = {isa = PBXFileReference; lastKnownFileType = sourcecode.swift; path = LaunchScreenViewController.swift; sourceTree = "<group>"; };
		FC2745172AB35BF1007C0FC1 /* InvestopediaOpenView.mp4 */ = {isa = PBXFileReference; lastKnownFileType = file; path = InvestopediaOpenView.mp4; sourceTree = "<group>"; };
		FC27451A2AB451D8007C0FC1 /* CoreDataStack.swift */ = {isa = PBXFileReference; lastKnownFileType = sourcecode.swift; path = CoreDataStack.swift; sourceTree = "<group>"; };
		FC27451D2AB45283007C0FC1 /* Database.swift */ = {isa = PBXFileReference; lastKnownFileType = sourcecode.swift; path = Database.swift; sourceTree = "<group>"; };
		FC2745202AB45428007C0FC1 /* Investopedia.xcdatamodel */ = {isa = PBXFileReference; lastKnownFileType = wrapper.xcdatamodel; path = Investopedia.xcdatamodel; sourceTree = "<group>"; };
		FC2745222AB45C7E007C0FC1 /* CoreDataManager.swift */ = {isa = PBXFileReference; lastKnownFileType = sourcecode.swift; path = CoreDataManager.swift; sourceTree = "<group>"; };
		FC4545412A9F82B2005A7D07 /* InvestopediaTests.xctest */ = {isa = PBXFileReference; explicitFileType = wrapper.cfbundle; includeInIndex = 0; path = InvestopediaTests.xctest; sourceTree = BUILT_PRODUCTS_DIR; };
		FC45454C2A9F8811005A7D07 /* DictionaryViewModelTests.swift */ = {isa = PBXFileReference; lastKnownFileType = sourcecode.swift; path = DictionaryViewModelTests.swift; sourceTree = "<group>"; };
		FC4545522A9F9E7F005A7D07 /* MockDictionaryViewModel.swift */ = {isa = PBXFileReference; lastKnownFileType = sourcecode.swift; path = MockDictionaryViewModel.swift; sourceTree = "<group>"; };
		FC4545542A9FA88B005A7D07 /* DictionaryViewControllerTests.swift */ = {isa = PBXFileReference; lastKnownFileType = sourcecode.swift; path = DictionaryViewControllerTests.swift; sourceTree = "<group>"; };
		FC571F762AA338A200024B78 /* CryptoCurrency.swift */ = {isa = PBXFileReference; lastKnownFileType = sourcecode.swift; path = CryptoCurrency.swift; sourceTree = "<group>"; };
		FC571F802AA3502E00024B78 /* NetworkError.swift */ = {isa = PBXFileReference; lastKnownFileType = sourcecode.swift; path = NetworkError.swift; sourceTree = "<group>"; };
		FC571F822AA3592000024B78 /* CoinCapAPIEndpoints.swift */ = {isa = PBXFileReference; lastKnownFileType = sourcecode.swift; path = CoinCapAPIEndpoints.swift; sourceTree = "<group>"; };
		FC571F862AA35B7100024B78 /* CryptoCurrencyListViewController.swift */ = {isa = PBXFileReference; lastKnownFileType = sourcecode.swift; path = CryptoCurrencyListViewController.swift; sourceTree = "<group>"; };
		FC571F882AA35B7E00024B78 /* CryptoCurrencyListViewModel.swift */ = {isa = PBXFileReference; lastKnownFileType = sourcecode.swift; path = CryptoCurrencyListViewModel.swift; sourceTree = "<group>"; };
		FC5E95D02A56B6A100CECAC1 /* Investopedia.app */ = {isa = PBXFileReference; explicitFileType = wrapper.application; includeInIndex = 0; path = Investopedia.app; sourceTree = BUILT_PRODUCTS_DIR; };
		FC5E95D32A56B6A100CECAC1 /* AppDelegate.swift */ = {isa = PBXFileReference; lastKnownFileType = sourcecode.swift; path = AppDelegate.swift; sourceTree = "<group>"; };
		FC5E95D52A56B6A100CECAC1 /* SceneDelegate.swift */ = {isa = PBXFileReference; lastKnownFileType = sourcecode.swift; path = SceneDelegate.swift; sourceTree = "<group>"; };
		FC5E95D72A56B6A100CECAC1 /* DictionaryViewController.swift */ = {isa = PBXFileReference; lastKnownFileType = sourcecode.swift; path = DictionaryViewController.swift; sourceTree = "<group>"; };
		FC5E95DA2A56B6A100CECAC1 /* Base */ = {isa = PBXFileReference; lastKnownFileType = file.storyboard; name = Base; path = Base.lproj/Main.storyboard; sourceTree = "<group>"; };
		FC5E95DC2A56B6A300CECAC1 /* Assets.xcassets */ = {isa = PBXFileReference; lastKnownFileType = folder.assetcatalog; path = Assets.xcassets; sourceTree = "<group>"; };
		FC5E95DF2A56B6A300CECAC1 /* Base */ = {isa = PBXFileReference; lastKnownFileType = file.storyboard; name = Base; path = Base.lproj/LaunchScreen.storyboard; sourceTree = "<group>"; };
		FC5E95E12A56B6A300CECAC1 /* Info.plist */ = {isa = PBXFileReference; lastKnownFileType = text.plist.xml; path = Info.plist; sourceTree = "<group>"; };
		FC5E95E72A56B88200CECAC1 /* TermDetailViewController.swift */ = {isa = PBXFileReference; lastKnownFileType = sourcecode.swift; path = TermDetailViewController.swift; sourceTree = "<group>"; };
		FC5E95F52A56DF6100CECAC1 /* FinancialTerm.swift */ = {isa = PBXFileReference; lastKnownFileType = sourcecode.swift; path = FinancialTerm.swift; sourceTree = "<group>"; };
		FC9966482AAF09BC001B6446 /* CryptoCurrencyListViewModelProtocol.swift */ = {isa = PBXFileReference; lastKnownFileType = sourcecode.swift; path = CryptoCurrencyListViewModelProtocol.swift; sourceTree = "<group>"; };
		FC99664C2AAF1491001B6446 /* NetworkManager.swift */ = {isa = PBXFileReference; lastKnownFileType = sourcecode.swift; path = NetworkManager.swift; sourceTree = "<group>"; };
		FC99664E2AAF2F46001B6446 /* CryptoCurrencyTableViewCell.swift */ = {isa = PBXFileReference; lastKnownFileType = sourcecode.swift; path = CryptoCurrencyTableViewCell.swift; sourceTree = "<group>"; };
		FC9A1B5A2A9E0DFA0019F714 /* TermDetailViewModel.swift */ = {isa = PBXFileReference; lastKnownFileType = sourcecode.swift; path = TermDetailViewModel.swift; sourceTree = "<group>"; };
		FC9A1B5C2A9E0ED40019F714 /* TermDetailViewProtocol.swift */ = {isa = PBXFileReference; lastKnownFileType = sourcecode.swift; path = TermDetailViewProtocol.swift; sourceTree = "<group>"; };
		FCA918B62AA0CF5800BEC7D7 /* TermDetailViewModelTests.swift */ = {isa = PBXFileReference; lastKnownFileType = sourcecode.swift; path = TermDetailViewModelTests.swift; sourceTree = "<group>"; };
		FCB44A822A979B23000E4AF2 /* DictionaryViewModel.swift */ = {isa = PBXFileReference; lastKnownFileType = sourcecode.swift; path = DictionaryViewModel.swift; sourceTree = "<group>"; };
		FCC276432A98AF05005A63D8 /* FinancialDictionaryData.json */ = {isa = PBXFileReference; fileEncoding = 4; lastKnownFileType = text.json; path = FinancialDictionaryData.json; sourceTree = "<group>"; };
		FCC276472A98C0C6005A63D8 /* DictionaryViewModelProtocol.swift */ = {isa = PBXFileReference; lastKnownFileType = sourcecode.swift; path = DictionaryViewModelProtocol.swift; sourceTree = "<group>"; };
		FCF529A22AB1CC1700149169 /* CryptoCurrencyListViewModelTests.swift */ = {isa = PBXFileReference; lastKnownFileType = sourcecode.swift; path = CryptoCurrencyListViewModelTests.swift; sourceTree = "<group>"; };
		FCF529A42AB1D00A00149169 /* MockNetworkManager.swift */ = {isa = PBXFileReference; lastKnownFileType = sourcecode.swift; path = MockNetworkManager.swift; sourceTree = "<group>"; };
		FCF529A82AB1DB3E00149169 /* CryptoCurrencyListViewControllerTests.swift */ = {isa = PBXFileReference; lastKnownFileType = sourcecode.swift; path = CryptoCurrencyListViewControllerTests.swift; sourceTree = "<group>"; };
		FCF529AB2AB1DBD400149169 /* MockCryptoCurrencyListViewModel.swift */ = {isa = PBXFileReference; lastKnownFileType = sourcecode.swift; path = MockCryptoCurrencyListViewModel.swift; sourceTree = "<group>"; };
		FCF529AE2AB1F31A00149169 /* NetworkUtility.swift */ = {isa = PBXFileReference; lastKnownFileType = sourcecode.swift; path = NetworkUtility.swift; sourceTree = "<group>"; };
/* End PBXFileReference section */

/* Begin PBXFrameworksBuildPhase section */
		FC45453E2A9F82B2005A7D07 /* Frameworks */ = {
			isa = PBXFrameworksBuildPhase;
			buildActionMask = 2147483647;
			files = (
			);
			runOnlyForDeploymentPostprocessing = 0;
		};
		FC5E95CD2A56B6A100CECAC1 /* Frameworks */ = {
			isa = PBXFrameworksBuildPhase;
			buildActionMask = 2147483647;
			files = (
			);
			runOnlyForDeploymentPostprocessing = 0;
		};
/* End PBXFrameworksBuildPhase section */

/* Begin PBXGroup section */
		FC11320C2AB8647E00A306A8 /* CryptoCurrency Statistics */ = {
			isa = PBXGroup;
			children = (
				FC11320D2AB864C300A306A8 /* CryptoCurrencyStatisticsViewController.swift */,
				FC11320F2AB864DD00A306A8 /* CryptoCurrencyStatisticsViewModel.swift */,
				FC1132112AB883F600A306A8 /* CryptoCurrencyStatisticsViewModelProtocol.swift */,
				FC1132132AB89D1F00A306A8 /* CryptoCurrencyStatisticsViewControllerProtocol.swift */,
				FC1132152AB8A78100A306A8 /* CryptoStatisticsCell.swift */,
			);
			path = "CryptoCurrency Statistics";
			sourceTree = "<group>";
		};
		FC2745132AB35AFE007C0FC1 /* LaunchScreen */ = {
			isa = PBXGroup;
			children = (
				FC2745142AB35B24007C0FC1 /* LaunchScreenViewController.swift */,
				FC5E95DE2A56B6A300CECAC1 /* LaunchScreen.storyboard */,
				FC2745162AB35BC2007C0FC1 /* Video */,
			);
			path = LaunchScreen;
			sourceTree = "<group>";
		};
		FC2745162AB35BC2007C0FC1 /* Video */ = {
			isa = PBXGroup;
			children = (
				FC2745172AB35BF1007C0FC1 /* InvestopediaOpenView.mp4 */,
			);
			path = Video;
			sourceTree = "<group>";
		};
		FC2745192AB451A0007C0FC1 /* Database */ = {
			isa = PBXGroup;
			children = (
				FC27451C2AB4525D007C0FC1 /* Core Data */,
			);
			path = Database;
			sourceTree = "<group>";
		};
		FC27451C2AB4525D007C0FC1 /* Core Data */ = {
			isa = PBXGroup;
			children = (
				FC27451F2AB45428007C0FC1 /* Investopedia.xcdatamodeld */,
				FC27451A2AB451D8007C0FC1 /* CoreDataStack.swift */,
				FC27451D2AB45283007C0FC1 /* Database.swift */,
				FC2745222AB45C7E007C0FC1 /* CoreDataManager.swift */,
			);
			path = "Core Data";
			sourceTree = "<group>";
		};
		FC4545422A9F82B2005A7D07 /* InvestopediaTests */ = {
			isa = PBXGroup;
			children = (
				FCF529A02AB1CBB500149169 /* Cryptocurrency */,
				FCF5299F2AB1CBA200149169 /* Dictionary */,
			);
			path = InvestopediaTests;
			sourceTree = "<group>";
		};
		FC4545562A9FB3A7005A7D07 /* DictionaryViewTests */ = {
			isa = PBXGroup;
			children = (
				FC45454C2A9F8811005A7D07 /* DictionaryViewModelTests.swift */,
				FC4545542A9FA88B005A7D07 /* DictionaryViewControllerTests.swift */,
				FCF529AD2AB1EB7300149169 /* Mocks */,
			);
			path = DictionaryViewTests;
			sourceTree = "<group>";
		};
		FC571F742AA337A600024B78 /* Dictionary Response */ = {
			isa = PBXGroup;
			children = (
				FCC276432A98AF05005A63D8 /* FinancialDictionaryData.json */,
				FC5E95F52A56DF6100CECAC1 /* FinancialTerm.swift */,
			);
			path = "Dictionary Response";
			sourceTree = "<group>";
		};
		FC571F752AA3386F00024B78 /* CryptoCurrency Response */ = {
			isa = PBXGroup;
			children = (
				FC571F762AA338A200024B78 /* CryptoCurrency.swift */,
			);
			path = "CryptoCurrency Response";
			sourceTree = "<group>";
		};
		FC571F782AA33F6600024B78 /* Investopedia Client */ = {
			isa = PBXGroup;
			children = (
				FC571F822AA3592000024B78 /* CoinCapAPIEndpoints.swift */,
				FC99664C2AAF1491001B6446 /* NetworkManager.swift */,
				FCF529AE2AB1F31A00149169 /* NetworkUtility.swift */,
				FC27450F2AB30298007C0FC1 /* NetworkUtilityProtocol.swift */,
			);
			path = "Investopedia Client";
			sourceTree = "<group>";
		};
		FC571F7F2AA3501E00024B78 /* Error */ = {
			isa = PBXGroup;
			children = (
				FC571F802AA3502E00024B78 /* NetworkError.swift */,
			);
			path = Error;
			sourceTree = "<group>";
		};
		FC571F842AA35ADC00024B78 /* CryptoCurrency View */ = {
			isa = PBXGroup;
			children = (
				FC988D0D2AB1AE340046E0AC /* CryptoCurrency List */,
				FC11320C2AB8647E00A306A8 /* CryptoCurrency Statistics */,
			);
			path = "CryptoCurrency View";
			sourceTree = "<group>";
		};
		FC571F852AA35B0700024B78 /* Dictionary */ = {
			isa = PBXGroup;
			children = (
				FCB44A812A979AFB000E4AF2 /* Dictionary View */,
				FC9A1B572A9E0DAD0019F714 /* Term View */,
			);
			path = Dictionary;
			sourceTree = "<group>";
		};
		FC5E95C72A56B6A100CECAC1 = {
			isa = PBXGroup;
			children = (
				FC5E95D22A56B6A100CECAC1 /* Investopedia */,
				FC4545422A9F82B2005A7D07 /* InvestopediaTests */,
				FC5E95D12A56B6A100CECAC1 /* Products */,
			);
			sourceTree = "<group>";
		};
		FC5E95D12A56B6A100CECAC1 /* Products */ = {
			isa = PBXGroup;
			children = (
				FC5E95D02A56B6A100CECAC1 /* Investopedia.app */,
				FC4545412A9F82B2005A7D07 /* InvestopediaTests.xctest */,
			);
			name = Products;
			sourceTree = "<group>";
		};
		FC5E95D22A56B6A100CECAC1 /* Investopedia */ = {
			isa = PBXGroup;
			children = (
				FC2745192AB451A0007C0FC1 /* Database */,
				FC571F7F2AA3501E00024B78 /* Error */,
				FC571F782AA33F6600024B78 /* Investopedia Client */,
				FC5E95F22A56DCFC00CECAC1 /* Model */,
				FC5E95E92A56BF5900CECAC1 /* View */,
				FC5E95D32A56B6A100CECAC1 /* AppDelegate.swift */,
				FC5E95D52A56B6A100CECAC1 /* SceneDelegate.swift */,
				FC5E95DC2A56B6A300CECAC1 /* Assets.xcassets */,
				FC5E95E12A56B6A300CECAC1 /* Info.plist */,
			);
			path = Investopedia;
			sourceTree = "<group>";
		};
		FC5E95E92A56BF5900CECAC1 /* View */ = {
			isa = PBXGroup;
			children = (
				FC2745132AB35AFE007C0FC1 /* LaunchScreen */,
				FC571F842AA35ADC00024B78 /* CryptoCurrency View */,
				FC571F852AA35B0700024B78 /* Dictionary */,
				FC5E95D92A56B6A100CECAC1 /* Main.storyboard */,
			);
			path = View;
			sourceTree = "<group>";
		};
		FC5E95F22A56DCFC00CECAC1 /* Model */ = {
			isa = PBXGroup;
			children = (
				FC5E95F32A56DD0700CECAC1 /* Response */,
			);
			path = Model;
			sourceTree = "<group>";
		};
		FC5E95F32A56DD0700CECAC1 /* Response */ = {
			isa = PBXGroup;
			children = (
				FC571F752AA3386F00024B78 /* CryptoCurrency Response */,
				FC571F742AA337A600024B78 /* Dictionary Response */,
			);
			path = Response;
			sourceTree = "<group>";
		};
		FC988D0D2AB1AE340046E0AC /* CryptoCurrency List */ = {
			isa = PBXGroup;
			children = (
				FC571F862AA35B7100024B78 /* CryptoCurrencyListViewController.swift */,
				FC571F882AA35B7E00024B78 /* CryptoCurrencyListViewModel.swift */,
				FC9966482AAF09BC001B6446 /* CryptoCurrencyListViewModelProtocol.swift */,
				FC99664E2AAF2F46001B6446 /* CryptoCurrencyTableViewCell.swift */,
			);
			path = "CryptoCurrency List";
			sourceTree = "<group>";
		};
		FC9A1B572A9E0DAD0019F714 /* Term View */ = {
			isa = PBXGroup;
			children = (
				FC5E95E72A56B88200CECAC1 /* TermDetailViewController.swift */,
				FC9A1B5A2A9E0DFA0019F714 /* TermDetailViewModel.swift */,
				FC9A1B5C2A9E0ED40019F714 /* TermDetailViewProtocol.swift */,
			);
			path = "Term View";
			sourceTree = "<group>";
		};
		FCA918B52AA0CF1000BEC7D7 /* TermDetailViewTests */ = {
			isa = PBXGroup;
			children = (
				FCA918B62AA0CF5800BEC7D7 /* TermDetailViewModelTests.swift */,
			);
			path = TermDetailViewTests;
			sourceTree = "<group>";
		};
		FCB44A812A979AFB000E4AF2 /* Dictionary View */ = {
			isa = PBXGroup;
			children = (
				FC5E95D72A56B6A100CECAC1 /* DictionaryViewController.swift */,
				FCB44A822A979B23000E4AF2 /* DictionaryViewModel.swift */,
				FCC276472A98C0C6005A63D8 /* DictionaryViewModelProtocol.swift */,
			);
			path = "Dictionary View";
			sourceTree = "<group>";
		};
		FCF5299F2AB1CBA200149169 /* Dictionary */ = {
			isa = PBXGroup;
			children = (
				FCA918B52AA0CF1000BEC7D7 /* TermDetailViewTests */,
				FC4545562A9FB3A7005A7D07 /* DictionaryViewTests */,
			);
			path = Dictionary;
			sourceTree = "<group>";
		};
		FCF529A02AB1CBB500149169 /* Cryptocurrency */ = {
			isa = PBXGroup;
			children = (
				FCF529A12AB1CBBF00149169 /* CryptoCurrencyListViewTests */,
			);
			path = Cryptocurrency;
			sourceTree = "<group>";
		};
		FCF529A12AB1CBBF00149169 /* CryptoCurrencyListViewTests */ = {
			isa = PBXGroup;
			children = (
				FCF529A82AB1DB3E00149169 /* CryptoCurrencyListViewControllerTests.swift */,
				FCF529A22AB1CC1700149169 /* CryptoCurrencyListViewModelTests.swift */,
				FCF529AA2AB1DB9500149169 /* Mocks */,
			);
			path = CryptoCurrencyListViewTests;
			sourceTree = "<group>";
		};
		FCF529AA2AB1DB9500149169 /* Mocks */ = {
			isa = PBXGroup;
			children = (
				FCF529A42AB1D00A00149169 /* MockNetworkManager.swift */,
				FCF529AB2AB1DBD400149169 /* MockCryptoCurrencyListViewModel.swift */,
				FC27450D2AB30200007C0FC1 /* MockNetworkUtility.swift */,
			);
			path = Mocks;
			sourceTree = "<group>";
		};
		FCF529AD2AB1EB7300149169 /* Mocks */ = {
			isa = PBXGroup;
			children = (
				FC4545522A9F9E7F005A7D07 /* MockDictionaryViewModel.swift */,
			);
			path = Mocks;
			sourceTree = "<group>";
		};
/* End PBXGroup section */

/* Begin PBXNativeTarget section */
		FC4545402A9F82B2005A7D07 /* InvestopediaTests */ = {
			isa = PBXNativeTarget;
			buildConfigurationList = FC4545492A9F82B2005A7D07 /* Build configuration list for PBXNativeTarget "InvestopediaTests" */;
			buildPhases = (
				FC45453D2A9F82B2005A7D07 /* Sources */,
				FC45453E2A9F82B2005A7D07 /* Frameworks */,
				FC45453F2A9F82B2005A7D07 /* Resources */,
			);
			buildRules = (
			);
			dependencies = (
				FC4545462A9F82B2005A7D07 /* PBXTargetDependency */,
			);
			name = InvestopediaTests;
			productName = InvestopediaTests;
			productReference = FC4545412A9F82B2005A7D07 /* InvestopediaTests.xctest */;
			productType = "com.apple.product-type.bundle.unit-test";
		};
		FC5E95CF2A56B6A100CECAC1 /* Investopedia */ = {
			isa = PBXNativeTarget;
			buildConfigurationList = FC5E95E42A56B6A300CECAC1 /* Build configuration list for PBXNativeTarget "Investopedia" */;
			buildPhases = (
				FC5E95CC2A56B6A100CECAC1 /* Sources */,
				FC5E95CD2A56B6A100CECAC1 /* Frameworks */,
				FC5E95CE2A56B6A100CECAC1 /* Resources */,
			);
			buildRules = (
			);
			dependencies = (
			);
			name = Investopedia;
			productName = Investopedia;
			productReference = FC5E95D02A56B6A100CECAC1 /* Investopedia.app */;
			productType = "com.apple.product-type.application";
		};
/* End PBXNativeTarget section */

/* Begin PBXProject section */
		FC5E95C82A56B6A100CECAC1 /* Project object */ = {
			isa = PBXProject;
			attributes = {
				BuildIndependentTargetsInParallel = 1;
				LastSwiftUpdateCheck = 1430;
				LastUpgradeCheck = 1430;
				TargetAttributes = {
					FC4545402A9F82B2005A7D07 = {
						CreatedOnToolsVersion = 14.3.1;
						TestTargetID = FC5E95CF2A56B6A100CECAC1;
					};
					FC5E95CF2A56B6A100CECAC1 = {
						CreatedOnToolsVersion = 14.3.1;
					};
				};
			};
			buildConfigurationList = FC5E95CB2A56B6A100CECAC1 /* Build configuration list for PBXProject "Investopedia" */;
			compatibilityVersion = "Xcode 14.0";
			developmentRegion = en;
			hasScannedForEncodings = 0;
			knownRegions = (
				en,
				Base,
			);
			mainGroup = FC5E95C72A56B6A100CECAC1;
			productRefGroup = FC5E95D12A56B6A100CECAC1 /* Products */;
			projectDirPath = "";
			projectRoot = "";
			targets = (
				FC5E95CF2A56B6A100CECAC1 /* Investopedia */,
				FC4545402A9F82B2005A7D07 /* InvestopediaTests */,
			);
		};
/* End PBXProject section */

/* Begin PBXResourcesBuildPhase section */
		FC45453F2A9F82B2005A7D07 /* Resources */ = {
			isa = PBXResourcesBuildPhase;
			buildActionMask = 2147483647;
			files = (
			);
			runOnlyForDeploymentPostprocessing = 0;
		};
		FC5E95CE2A56B6A100CECAC1 /* Resources */ = {
			isa = PBXResourcesBuildPhase;
			buildActionMask = 2147483647;
			files = (
				FC5E95E02A56B6A300CECAC1 /* LaunchScreen.storyboard in Resources */,
				FCC276442A98AF05005A63D8 /* FinancialDictionaryData.json in Resources */,
				FC5E95DD2A56B6A300CECAC1 /* Assets.xcassets in Resources */,
				FC2745182AB35BF1007C0FC1 /* InvestopediaOpenView.mp4 in Resources */,
				FC5E95DB2A56B6A100CECAC1 /* Main.storyboard in Resources */,
			);
			runOnlyForDeploymentPostprocessing = 0;
		};
/* End PBXResourcesBuildPhase section */

/* Begin PBXSourcesBuildPhase section */
		FC45453D2A9F82B2005A7D07 /* Sources */ = {
			isa = PBXSourcesBuildPhase;
			buildActionMask = 2147483647;
			files = (
				FCF529A52AB1D00A00149169 /* MockNetworkManager.swift in Sources */,
				FC4545532A9F9E7F005A7D07 /* MockDictionaryViewModel.swift in Sources */,
				FC45454D2A9F8811005A7D07 /* DictionaryViewModelTests.swift in Sources */,
				FC4545552A9FA88B005A7D07 /* DictionaryViewControllerTests.swift in Sources */,
				FC27450E2AB30200007C0FC1 /* MockNetworkUtility.swift in Sources */,
				FCA918B72AA0CF5800BEC7D7 /* TermDetailViewModelTests.swift in Sources */,
				FCF529A32AB1CC1700149169 /* CryptoCurrencyListViewModelTests.swift in Sources */,
				FCF529AC2AB1DBD400149169 /* MockCryptoCurrencyListViewModel.swift in Sources */,
				FCF529A92AB1DB3E00149169 /* CryptoCurrencyListViewControllerTests.swift in Sources */,
			);
			runOnlyForDeploymentPostprocessing = 0;
		};
		FC5E95CC2A56B6A100CECAC1 /* Sources */ = {
			isa = PBXSourcesBuildPhase;
			buildActionMask = 2147483647;
			files = (
				FC27451B2AB451D8007C0FC1 /* CoreDataStack.swift in Sources */,
				FC571F832AA3592000024B78 /* CoinCapAPIEndpoints.swift in Sources */,
				FC571F812AA3502E00024B78 /* NetworkError.swift in Sources */,
				FC9A1B5D2A9E0ED40019F714 /* TermDetailViewProtocol.swift in Sources */,
				FCC276482A98C0C6005A63D8 /* DictionaryViewModelProtocol.swift in Sources */,
				FC1132102AB864DD00A306A8 /* CryptoCurrencyStatisticsViewModel.swift in Sources */,
				FC5E95D82A56B6A100CECAC1 /* DictionaryViewController.swift in Sources */,
				FC2745232AB45C7E007C0FC1 /* CoreDataManager.swift in Sources */,
				FC571F772AA338A200024B78 /* CryptoCurrency.swift in Sources */,
				FC5E95D42A56B6A100CECAC1 /* AppDelegate.swift in Sources */,
				FCF529AF2AB1F31A00149169 /* NetworkUtility.swift in Sources */,
				FC2745102AB30298007C0FC1 /* NetworkUtilityProtocol.swift in Sources */,
				FC9A1B5B2A9E0DFA0019F714 /* TermDetailViewModel.swift in Sources */,
				FC99664F2AAF2F46001B6446 /* CryptoCurrencyTableViewCell.swift in Sources */,
				FC11320E2AB864C300A306A8 /* CryptoCurrencyStatisticsViewController.swift in Sources */,
				FC1132122AB883F600A306A8 /* CryptoCurrencyStatisticsViewModelProtocol.swift in Sources */,
				FC27451E2AB45283007C0FC1 /* Database.swift in Sources */,
				FC5E95E82A56B88200CECAC1 /* TermDetailViewController.swift in Sources */,
				FC2745212AB45428007C0FC1 /* Investopedia.xcdatamodeld in Sources */,
				FC1132142AB89D1F00A306A8 /* CryptoCurrencyStatisticsViewControllerProtocol.swift in Sources */,
				FC2745152AB35B24007C0FC1 /* LaunchScreenViewController.swift in Sources */,
				FC571F872AA35B7100024B78 /* CryptoCurrencyListViewController.swift in Sources */,
				FC571F892AA35B7E00024B78 /* CryptoCurrencyListViewModel.swift in Sources */,
				FC99664D2AAF1491001B6446 /* NetworkManager.swift in Sources */,
				FC9966492AAF09BC001B6446 /* CryptoCurrencyListViewModelProtocol.swift in Sources */,
				FCB44A832A979B23000E4AF2 /* DictionaryViewModel.swift in Sources */,
				FC5E95D62A56B6A100CECAC1 /* SceneDelegate.swift in Sources */,
				FC5E95F62A56DF6100CECAC1 /* FinancialTerm.swift in Sources */,
				FC1132162AB8A78100A306A8 /* CryptoStatisticsCell.swift in Sources */,
			);
			runOnlyForDeploymentPostprocessing = 0;
		};
/* End PBXSourcesBuildPhase section */

/* Begin PBXTargetDependency section */
		FC4545462A9F82B2005A7D07 /* PBXTargetDependency */ = {
			isa = PBXTargetDependency;
			target = FC5E95CF2A56B6A100CECAC1 /* Investopedia */;
			targetProxy = FC4545452A9F82B2005A7D07 /* PBXContainerItemProxy */;
		};
/* End PBXTargetDependency section */

/* Begin PBXVariantGroup section */
		FC5E95D92A56B6A100CECAC1 /* Main.storyboard */ = {
			isa = PBXVariantGroup;
			children = (
				FC5E95DA2A56B6A100CECAC1 /* Base */,
			);
			name = Main.storyboard;
			sourceTree = "<group>";
		};
		FC5E95DE2A56B6A300CECAC1 /* LaunchScreen.storyboard */ = {
			isa = PBXVariantGroup;
			children = (
				FC5E95DF2A56B6A300CECAC1 /* Base */,
			);
			name = LaunchScreen.storyboard;
			sourceTree = "<group>";
		};
/* End PBXVariantGroup section */

/* Begin XCBuildConfiguration section */
		FC4545472A9F82B2005A7D07 /* Debug */ = {
			isa = XCBuildConfiguration;
			buildSettings = {
				BUNDLE_LOADER = "$(TEST_HOST)";
				CODE_SIGN_STYLE = Automatic;
				CURRENT_PROJECT_VERSION = 1;
				DEVELOPMENT_TEAM = 6U5TN43STZ;
				GENERATE_INFOPLIST_FILE = YES;
				MARKETING_VERSION = 1.0;
				PRODUCT_BUNDLE_IDENTIFIER = com.joaoponte.InvestopediaTests;
				PRODUCT_NAME = "$(TARGET_NAME)";
				SWIFT_EMIT_LOC_STRINGS = NO;
				SWIFT_VERSION = 5.0;
				TARGETED_DEVICE_FAMILY = "1,2";
				TEST_HOST = "$(BUILT_PRODUCTS_DIR)/Investopedia.app/$(BUNDLE_EXECUTABLE_FOLDER_PATH)/Investopedia";
			};
			name = Debug;
		};
		FC4545482A9F82B2005A7D07 /* Release */ = {
			isa = XCBuildConfiguration;
			buildSettings = {
				BUNDLE_LOADER = "$(TEST_HOST)";
				CODE_SIGN_STYLE = Automatic;
				CURRENT_PROJECT_VERSION = 1;
				DEVELOPMENT_TEAM = 6U5TN43STZ;
				GENERATE_INFOPLIST_FILE = YES;
				MARKETING_VERSION = 1.0;
				PRODUCT_BUNDLE_IDENTIFIER = com.joaoponte.InvestopediaTests;
				PRODUCT_NAME = "$(TARGET_NAME)";
				SWIFT_EMIT_LOC_STRINGS = NO;
				SWIFT_VERSION = 5.0;
				TARGETED_DEVICE_FAMILY = "1,2";
				TEST_HOST = "$(BUILT_PRODUCTS_DIR)/Investopedia.app/$(BUNDLE_EXECUTABLE_FOLDER_PATH)/Investopedia";
			};
			name = Release;
		};
		FC5E95E22A56B6A300CECAC1 /* Debug */ = {
			isa = XCBuildConfiguration;
			buildSettings = {
				ALWAYS_SEARCH_USER_PATHS = NO;
				CLANG_ANALYZER_NONNULL = YES;
				CLANG_ANALYZER_NUMBER_OBJECT_CONVERSION = YES_AGGRESSIVE;
				CLANG_CXX_LANGUAGE_STANDARD = "gnu++20";
				CLANG_ENABLE_MODULES = YES;
				CLANG_ENABLE_OBJC_ARC = YES;
				CLANG_ENABLE_OBJC_WEAK = YES;
				CLANG_WARN_BLOCK_CAPTURE_AUTORELEASING = YES;
				CLANG_WARN_BOOL_CONVERSION = YES;
				CLANG_WARN_COMMA = YES;
				CLANG_WARN_CONSTANT_CONVERSION = YES;
				CLANG_WARN_DEPRECATED_OBJC_IMPLEMENTATIONS = YES;
				CLANG_WARN_DIRECT_OBJC_ISA_USAGE = YES_ERROR;
				CLANG_WARN_DOCUMENTATION_COMMENTS = YES;
				CLANG_WARN_EMPTY_BODY = YES;
				CLANG_WARN_ENUM_CONVERSION = YES;
				CLANG_WARN_INFINITE_RECURSION = YES;
				CLANG_WARN_INT_CONVERSION = YES;
				CLANG_WARN_NON_LITERAL_NULL_CONVERSION = YES;
				CLANG_WARN_OBJC_IMPLICIT_RETAIN_SELF = YES;
				CLANG_WARN_OBJC_LITERAL_CONVERSION = YES;
				CLANG_WARN_OBJC_ROOT_CLASS = YES_ERROR;
				CLANG_WARN_QUOTED_INCLUDE_IN_FRAMEWORK_HEADER = YES;
				CLANG_WARN_RANGE_LOOP_ANALYSIS = YES;
				CLANG_WARN_STRICT_PROTOTYPES = YES;
				CLANG_WARN_SUSPICIOUS_MOVE = YES;
				CLANG_WARN_UNGUARDED_AVAILABILITY = YES_AGGRESSIVE;
				CLANG_WARN_UNREACHABLE_CODE = YES;
				CLANG_WARN__DUPLICATE_METHOD_MATCH = YES;
				COPY_PHASE_STRIP = NO;
				DEBUG_INFORMATION_FORMAT = dwarf;
				ENABLE_STRICT_OBJC_MSGSEND = YES;
				ENABLE_TESTABILITY = YES;
				GCC_C_LANGUAGE_STANDARD = gnu11;
				GCC_DYNAMIC_NO_PIC = NO;
				GCC_NO_COMMON_BLOCKS = YES;
				GCC_OPTIMIZATION_LEVEL = 0;
				GCC_PREPROCESSOR_DEFINITIONS = (
					"DEBUG=1",
					"$(inherited)",
				);
				GCC_WARN_64_TO_32_BIT_CONVERSION = YES;
				GCC_WARN_ABOUT_RETURN_TYPE = YES_ERROR;
				GCC_WARN_UNDECLARED_SELECTOR = YES;
				GCC_WARN_UNINITIALIZED_AUTOS = YES_AGGRESSIVE;
				GCC_WARN_UNUSED_FUNCTION = YES;
				GCC_WARN_UNUSED_VARIABLE = YES;
				IPHONEOS_DEPLOYMENT_TARGET = 16.4;
				MTL_ENABLE_DEBUG_INFO = INCLUDE_SOURCE;
				MTL_FAST_MATH = YES;
				ONLY_ACTIVE_ARCH = YES;
				SDKROOT = iphoneos;
				SWIFT_ACTIVE_COMPILATION_CONDITIONS = DEBUG;
				SWIFT_OPTIMIZATION_LEVEL = "-Onone";
			};
			name = Debug;
		};
		FC5E95E32A56B6A300CECAC1 /* Release */ = {
			isa = XCBuildConfiguration;
			buildSettings = {
				ALWAYS_SEARCH_USER_PATHS = NO;
				CLANG_ANALYZER_NONNULL = YES;
				CLANG_ANALYZER_NUMBER_OBJECT_CONVERSION = YES_AGGRESSIVE;
				CLANG_CXX_LANGUAGE_STANDARD = "gnu++20";
				CLANG_ENABLE_MODULES = YES;
				CLANG_ENABLE_OBJC_ARC = YES;
				CLANG_ENABLE_OBJC_WEAK = YES;
				CLANG_WARN_BLOCK_CAPTURE_AUTORELEASING = YES;
				CLANG_WARN_BOOL_CONVERSION = YES;
				CLANG_WARN_COMMA = YES;
				CLANG_WARN_CONSTANT_CONVERSION = YES;
				CLANG_WARN_DEPRECATED_OBJC_IMPLEMENTATIONS = YES;
				CLANG_WARN_DIRECT_OBJC_ISA_USAGE = YES_ERROR;
				CLANG_WARN_DOCUMENTATION_COMMENTS = YES;
				CLANG_WARN_EMPTY_BODY = YES;
				CLANG_WARN_ENUM_CONVERSION = YES;
				CLANG_WARN_INFINITE_RECURSION = YES;
				CLANG_WARN_INT_CONVERSION = YES;
				CLANG_WARN_NON_LITERAL_NULL_CONVERSION = YES;
				CLANG_WARN_OBJC_IMPLICIT_RETAIN_SELF = YES;
				CLANG_WARN_OBJC_LITERAL_CONVERSION = YES;
				CLANG_WARN_OBJC_ROOT_CLASS = YES_ERROR;
				CLANG_WARN_QUOTED_INCLUDE_IN_FRAMEWORK_HEADER = YES;
				CLANG_WARN_RANGE_LOOP_ANALYSIS = YES;
				CLANG_WARN_STRICT_PROTOTYPES = YES;
				CLANG_WARN_SUSPICIOUS_MOVE = YES;
				CLANG_WARN_UNGUARDED_AVAILABILITY = YES_AGGRESSIVE;
				CLANG_WARN_UNREACHABLE_CODE = YES;
				CLANG_WARN__DUPLICATE_METHOD_MATCH = YES;
				COPY_PHASE_STRIP = NO;
				DEBUG_INFORMATION_FORMAT = "dwarf-with-dsym";
				ENABLE_NS_ASSERTIONS = NO;
				ENABLE_STRICT_OBJC_MSGSEND = YES;
				GCC_C_LANGUAGE_STANDARD = gnu11;
				GCC_NO_COMMON_BLOCKS = YES;
				GCC_WARN_64_TO_32_BIT_CONVERSION = YES;
				GCC_WARN_ABOUT_RETURN_TYPE = YES_ERROR;
				GCC_WARN_UNDECLARED_SELECTOR = YES;
				GCC_WARN_UNINITIALIZED_AUTOS = YES_AGGRESSIVE;
				GCC_WARN_UNUSED_FUNCTION = YES;
				GCC_WARN_UNUSED_VARIABLE = YES;
				IPHONEOS_DEPLOYMENT_TARGET = 16.4;
				MTL_ENABLE_DEBUG_INFO = NO;
				MTL_FAST_MATH = YES;
				SDKROOT = iphoneos;
				SWIFT_COMPILATION_MODE = wholemodule;
				SWIFT_OPTIMIZATION_LEVEL = "-O";
				VALIDATE_PRODUCT = YES;
			};
			name = Release;
		};
		FC5E95E52A56B6A300CECAC1 /* Debug */ = {
			isa = XCBuildConfiguration;
			buildSettings = {
				ASSETCATALOG_COMPILER_APPICON_NAME = AppIcon;
				ASSETCATALOG_COMPILER_GLOBAL_ACCENT_COLOR_NAME = AccentColor;
				CODE_SIGN_STYLE = Automatic;
				CURRENT_PROJECT_VERSION = 1;
				DEVELOPMENT_TEAM = 6U5TN43STZ;
				GENERATE_INFOPLIST_FILE = YES;
				INFOPLIST_FILE = Investopedia/Info.plist;
				INFOPLIST_KEY_LSApplicationCategoryType = "";
				INFOPLIST_KEY_UIApplicationSupportsIndirectInputEvents = YES;
				INFOPLIST_KEY_UILaunchStoryboardName = LaunchScreen;
				INFOPLIST_KEY_UIMainStoryboardFile = Main;
				INFOPLIST_KEY_UISupportedInterfaceOrientations_iPad = "UIInterfaceOrientationPortrait UIInterfaceOrientationPortraitUpsideDown UIInterfaceOrientationLandscapeLeft UIInterfaceOrientationLandscapeRight";
				INFOPLIST_KEY_UISupportedInterfaceOrientations_iPhone = "UIInterfaceOrientationPortrait UIInterfaceOrientationLandscapeLeft UIInterfaceOrientationLandscapeRight";
				LD_RUNPATH_SEARCH_PATHS = (
					"$(inherited)",
					"@executable_path/Frameworks",
				);
				MARKETING_VERSION = 1.0;
				PRODUCT_BUNDLE_IDENTIFIER = com.joaoponte.Investopedia;
				PRODUCT_NAME = "$(TARGET_NAME)";
				SWIFT_EMIT_LOC_STRINGS = YES;
				SWIFT_VERSION = 5.0;
				TARGETED_DEVICE_FAMILY = "1,2";
			};
			name = Debug;
		};
		FC5E95E62A56B6A300CECAC1 /* Release */ = {
			isa = XCBuildConfiguration;
			buildSettings = {
				ASSETCATALOG_COMPILER_APPICON_NAME = AppIcon;
				ASSETCATALOG_COMPILER_GLOBAL_ACCENT_COLOR_NAME = AccentColor;
				CODE_SIGN_STYLE = Automatic;
				CURRENT_PROJECT_VERSION = 1;
				DEVELOPMENT_TEAM = 6U5TN43STZ;
				GENERATE_INFOPLIST_FILE = YES;
				INFOPLIST_FILE = Investopedia/Info.plist;
				INFOPLIST_KEY_LSApplicationCategoryType = "";
				INFOPLIST_KEY_UIApplicationSupportsIndirectInputEvents = YES;
				INFOPLIST_KEY_UILaunchStoryboardName = LaunchScreen;
				INFOPLIST_KEY_UIMainStoryboardFile = Main;
				INFOPLIST_KEY_UISupportedInterfaceOrientations_iPad = "UIInterfaceOrientationPortrait UIInterfaceOrientationPortraitUpsideDown UIInterfaceOrientationLandscapeLeft UIInterfaceOrientationLandscapeRight";
				INFOPLIST_KEY_UISupportedInterfaceOrientations_iPhone = "UIInterfaceOrientationPortrait UIInterfaceOrientationLandscapeLeft UIInterfaceOrientationLandscapeRight";
				LD_RUNPATH_SEARCH_PATHS = (
					"$(inherited)",
					"@executable_path/Frameworks",
				);
				MARKETING_VERSION = 1.0;
				PRODUCT_BUNDLE_IDENTIFIER = com.joaoponte.Investopedia;
				PRODUCT_NAME = "$(TARGET_NAME)";
				SWIFT_EMIT_LOC_STRINGS = YES;
				SWIFT_VERSION = 5.0;
				TARGETED_DEVICE_FAMILY = "1,2";
			};
			name = Release;
		};
/* End XCBuildConfiguration section */

/* Begin XCConfigurationList section */
		FC4545492A9F82B2005A7D07 /* Build configuration list for PBXNativeTarget "InvestopediaTests" */ = {
			isa = XCConfigurationList;
			buildConfigurations = (
				FC4545472A9F82B2005A7D07 /* Debug */,
				FC4545482A9F82B2005A7D07 /* Release */,
			);
			defaultConfigurationIsVisible = 0;
			defaultConfigurationName = Release;
		};
		FC5E95CB2A56B6A100CECAC1 /* Build configuration list for PBXProject "Investopedia" */ = {
			isa = XCConfigurationList;
			buildConfigurations = (
				FC5E95E22A56B6A300CECAC1 /* Debug */,
				FC5E95E32A56B6A300CECAC1 /* Release */,
			);
			defaultConfigurationIsVisible = 0;
			defaultConfigurationName = Release;
		};
		FC5E95E42A56B6A300CECAC1 /* Build configuration list for PBXNativeTarget "Investopedia" */ = {
			isa = XCConfigurationList;
			buildConfigurations = (
				FC5E95E52A56B6A300CECAC1 /* Debug */,
				FC5E95E62A56B6A300CECAC1 /* Release */,
			);
			defaultConfigurationIsVisible = 0;
			defaultConfigurationName = Release;
		};
/* End XCConfigurationList section */

/* Begin XCVersionGroup section */
		FC27451F2AB45428007C0FC1 /* Investopedia.xcdatamodeld */ = {
			isa = XCVersionGroup;
			children = (
				FC2745202AB45428007C0FC1 /* Investopedia.xcdatamodel */,
			);
			currentVersion = FC2745202AB45428007C0FC1 /* Investopedia.xcdatamodel */;
			path = Investopedia.xcdatamodeld;
			sourceTree = "<group>";
			versionGroupType = wrapper.xcdatamodel;
		};
/* End XCVersionGroup section */
	};
	rootObject = FC5E95C82A56B6A100CECAC1 /* Project object */;
}
